Microsoft Visual Studio Solution File, Format Version 12.00
# Visual Studio Version 17
VisualStudioVersion = 17.5.2.0
MinimumVisualStudioVersion = 10.0.40219.1
Project("{FAE04EC0-301F-11D3-BF4B-00C04F79EFBC}") = "WallpaperBrowser", "WallpaperBrowser\WallpaperBrowser.csproj", "{EE10A906-49BC-EB0B-27D1-F2458D10F776}"
EndProject
Global
	GlobalSection(SolutionConfigurationPlatforms) = preSolution
		Debug|Any CPU = Debug|Any CPU
		Release|Any CPU = Release|Any CPU
	EndGlobalSection
	GlobalSection(ProjectConfigurationPlatforms) = postSolution
		{EE10A906-49BC-EB0B-27D1-F2458D10F776}.Debug|Any CPU.ActiveCfg = Debug|Any CPU
		{EE10A906-49BC-EB0B-27D1-F2458D10F776}.Debug|Any CPU.Build.0 = Debug|Any CPU
		{EE10A906-49BC-EB0B-27D1-F2458D10F776}.Release|Any CPU.ActiveCfg = Release|Any CPU
		{EE10A906-49BC-EB0B-27D1-F2458D10F776}.Release|Any CPU.Build.0 = Release|Any CPU
	EndGlobalSection
	GlobalSection(SolutionProperties) = preSolution
		HideSolutionNode = FALSE
	EndGlobalSection
	GlobalSection(ExtensibilityGlobals) = postSolution
		SolutionGuid = {BFED1E6C-1760-4E16-B1A7-DD1711BB7D99}
	EndGlobalSection
EndGlobal
